// !$*UTF8*$!
{
	archiveVersion = 1;
	classes = {
	};
	objectVersion = 55;
	objects = {

/* Begin PBXBuildFile section */
		02055F1627832275005EB5D1 /* UIView.swift in Sources */ = {isa = PBXBuildFile; fileRef = 02055F1527832275005EB5D1 /* UIView.swift */; };
		02055F1C2783296C005EB5D1 /* CoinDataService.swift in Sources */ = {isa = PBXBuildFile; fileRef = 02055F1B2783296C005EB5D1 /* CoinDataService.swift */; };
		02055F1F27832DBF005EB5D1 /* Alamofire in Frameworks */ = {isa = PBXBuildFile; productRef = 02055F1E27832DBF005EB5D1 /* Alamofire */; };
		02422D022780FF4500A58341 /* AppDelegate.swift in Sources */ = {isa = PBXBuildFile; fileRef = 02422D012780FF4500A58341 /* AppDelegate.swift */; };
		02422D062780FF4500A58341 /* HomeViewController.swift in Sources */ = {isa = PBXBuildFile; fileRef = 02422D052780FF4500A58341 /* HomeViewController.swift */; };
		02422D0B2780FF4500A58341 /* Assets.xcassets in Resources */ = {isa = PBXBuildFile; fileRef = 02422D0A2780FF4500A58341 /* Assets.xcassets */; };
		02422D1C2781B97000A58341 /* LaunchScreen.storyboard in Resources */ = {isa = PBXBuildFile; fileRef = 02422D1B2781B97000A58341 /* LaunchScreen.storyboard */; };
		025060E62781C5800073C2BD /* CircleButtonView.swift in Sources */ = {isa = PBXBuildFile; fileRef = 025060E52781C5800073C2BD /* CircleButtonView.swift */; };
		025060EC2781F9910073C2BD /* Coin.swift in Sources */ = {isa = PBXBuildFile; fileRef = 025060EB2781F9910073C2BD /* Coin.swift */; };
		025060F72781FF400073C2BD /* Double.swift in Sources */ = {isa = PBXBuildFile; fileRef = 025060F62781FF400073C2BD /* Double.swift */; };
		025060F92781FF5B0073C2BD /* PreviewProvider.swift in Sources */ = {isa = PBXBuildFile; fileRef = 025060F82781FF5B0073C2BD /* PreviewProvider.swift */; };
		025060FD2781FFEB0073C2BD /* CoinCell.swift in Sources */ = {isa = PBXBuildFile; fileRef = 025060FC2781FFEB0073C2BD /* CoinCell.swift */; };
		025061012782196B0073C2BD /* CoinViewModel.swift in Sources */ = {isa = PBXBuildFile; fileRef = 025061002782196B0073C2BD /* CoinViewModel.swift */; };
		0250610427821B3C0073C2BD /* RxCocoa in Frameworks */ = {isa = PBXBuildFile; productRef = 0250610327821B3C0073C2BD /* RxCocoa */; };
		0250610627821B3C0073C2BD /* RxRelay in Frameworks */ = {isa = PBXBuildFile; productRef = 0250610527821B3C0073C2BD /* RxRelay */; };
		0250610827821B3C0073C2BD /* RxSwift in Frameworks */ = {isa = PBXBuildFile; productRef = 0250610727821B3C0073C2BD /* RxSwift */; };
		0250610A278312040073C2BD /* Color.swift in Sources */ = {isa = PBXBuildFile; fileRef = 02506109278312040073C2BD /* Color.swift */; };
		0280B74E2785B75C00F5DC36 /* NetworkingError.swift in Sources */ = {isa = PBXBuildFile; fileRef = 0280B74D2785B75C00F5DC36 /* NetworkingError.swift */; };
/* End PBXBuildFile section */

/* Begin PBXFileReference section */
		02055F1527832275005EB5D1 /* UIView.swift */ = {isa = PBXFileReference; lastKnownFileType = sourcecode.swift; path = UIView.swift; sourceTree = "<group>"; };
		02055F1B2783296C005EB5D1 /* CoinDataService.swift */ = {isa = PBXFileReference; lastKnownFileType = sourcecode.swift; path = CoinDataService.swift; sourceTree = "<group>"; };
		02422CFE2780FF4500A58341 /* CryptoWallet.app */ = {isa = PBXFileReference; explicitFileType = wrapper.application; includeInIndex = 0; path = CryptoWallet.app; sourceTree = BUILT_PRODUCTS_DIR; };
		02422D012780FF4500A58341 /* AppDelegate.swift */ = {isa = PBXFileReference; lastKnownFileType = sourcecode.swift; path = AppDelegate.swift; sourceTree = "<group>"; };
		02422D052780FF4500A58341 /* HomeViewController.swift */ = {isa = PBXFileReference; lastKnownFileType = sourcecode.swift; path = HomeViewController.swift; sourceTree = "<group>"; };
		02422D0A2780FF4500A58341 /* Assets.xcassets */ = {isa = PBXFileReference; lastKnownFileType = folder.assetcatalog; path = Assets.xcassets; sourceTree = "<group>"; };
		02422D0F2780FF4500A58341 /* Info.plist */ = {isa = PBXFileReference; lastKnownFileType = text.plist.xml; path = Info.plist; sourceTree = "<group>"; };
		02422D1B2781B97000A58341 /* LaunchScreen.storyboard */ = {isa = PBXFileReference; lastKnownFileType = file.storyboard; path = LaunchScreen.storyboard; sourceTree = "<group>"; };
		025060E52781C5800073C2BD /* CircleButtonView.swift */ = {isa = PBXFileReference; lastKnownFileType = sourcecode.swift; path = CircleButtonView.swift; sourceTree = "<group>"; };
		025060EB2781F9910073C2BD /* Coin.swift */ = {isa = PBXFileReference; lastKnownFileType = sourcecode.swift; path = Coin.swift; sourceTree = "<group>"; };
		025060F62781FF400073C2BD /* Double.swift */ = {isa = PBXFileReference; lastKnownFileType = sourcecode.swift; path = Double.swift; sourceTree = "<group>"; };
		025060F82781FF5B0073C2BD /* PreviewProvider.swift */ = {isa = PBXFileReference; lastKnownFileType = sourcecode.swift; path = PreviewProvider.swift; sourceTree = "<group>"; };
		025060FC2781FFEB0073C2BD /* CoinCell.swift */ = {isa = PBXFileReference; lastKnownFileType = sourcecode.swift; path = CoinCell.swift; sourceTree = "<group>"; };
		025061002782196B0073C2BD /* CoinViewModel.swift */ = {isa = PBXFileReference; lastKnownFileType = sourcecode.swift; path = CoinViewModel.swift; sourceTree = "<group>"; };
		02506109278312040073C2BD /* Color.swift */ = {isa = PBXFileReference; lastKnownFileType = sourcecode.swift; path = Color.swift; sourceTree = "<group>"; };
		0280B74D2785B75C00F5DC36 /* NetworkingError.swift */ = {isa = PBXFileReference; lastKnownFileType = sourcecode.swift; path = NetworkingError.swift; sourceTree = "<group>"; };
/* End PBXFileReference section */

/* Begin PBXFrameworksBuildPhase section */
		02422CFB2780FF4500A58341 /* Frameworks */ = {
			isa = PBXFrameworksBuildPhase;
			buildActionMask = 2147483647;
			files = (
				0250610827821B3C0073C2BD /* RxSwift in Frameworks */,
				02055F1F27832DBF005EB5D1 /* Alamofire in Frameworks */,
				0250610627821B3C0073C2BD /* RxRelay in Frameworks */,
				0250610427821B3C0073C2BD /* RxCocoa in Frameworks */,
			);
			runOnlyForDeploymentPostprocessing = 0;
		};
/* End PBXFrameworksBuildPhase section */

/* Begin PBXGroup section */
		02055F1A27832964005EB5D1 /* Networking */ = {
			isa = PBXGroup;
			children = (
				02055F1B2783296C005EB5D1 /* CoinDataService.swift */,
			);
			path = Networking;
			sourceTree = "<group>";
		};
		02422CF52780FF4500A58341 = {
			isa = PBXGroup;
			children = (
				02422D002780FF4500A58341 /* CryptoWallet */,
				02422CFF2780FF4500A58341 /* Products */,
			);
			sourceTree = "<group>";
		};
		02422CFF2780FF4500A58341 /* Products */ = {
			isa = PBXGroup;
			children = (
				02422CFE2780FF4500A58341 /* CryptoWallet.app */,
			);
			name = Products;
			sourceTree = "<group>";
		};
		02422D002780FF4500A58341 /* CryptoWallet */ = {
			isa = PBXGroup;
			children = (
				02422D012780FF4500A58341 /* AppDelegate.swift */,
				025060E72781F6230073C2BD /* Home */,
				02422D1F2781BCB500A58341 /* Models */,
				0280B7452785B35A00F5DC36 /* Helpers */,
				02422D182781B8F300A58341 /* Extensions */,
				02422D1B2781B97000A58341 /* LaunchScreen.storyboard */,
				02422D0A2780FF4500A58341 /* Assets.xcassets */,
				02422D0F2780FF4500A58341 /* Info.plist */,
			);
			path = CryptoWallet;
			sourceTree = "<group>";
		};
		02422D182781B8F300A58341 /* Extensions */ = {
			isa = PBXGroup;
			children = (
				025060F62781FF400073C2BD /* Double.swift */,
				025060F82781FF5B0073C2BD /* PreviewProvider.swift */,
				02506109278312040073C2BD /* Color.swift */,
				02055F1527832275005EB5D1 /* UIView.swift */,
			);
			path = Extensions;
			sourceTree = "<group>";
		};
		02422D1D2781BCA600A58341 /* View */ = {
			isa = PBXGroup;
			children = (
				02422D052780FF4500A58341 /* HomeViewController.swift */,
			);
			path = View;
			sourceTree = "<group>";
		};
		02422D1E2781BCAF00A58341 /* ViewModel */ = {
			isa = PBXGroup;
			children = (
				025061002782196B0073C2BD /* CoinViewModel.swift */,
			);
			path = ViewModel;
			sourceTree = "<group>";
		};
		02422D1F2781BCB500A58341 /* Models */ = {
			isa = PBXGroup;
			children = (
				025060EB2781F9910073C2BD /* Coin.swift */,
				0280B74D2785B75C00F5DC36 /* NetworkingError.swift */,
			);
			path = Models;
			sourceTree = "<group>";
		};
		025060E72781F6230073C2BD /* Home */ = {
			isa = PBXGroup;
			children = (
				02055F1A27832964005EB5D1 /* Networking */,
				025060EF2781FB1E0073C2BD /* Components */,
				02422D1E2781BCAF00A58341 /* ViewModel */,
				02422D1D2781BCA600A58341 /* View */,
			);
			path = Home;
			sourceTree = "<group>";
		};
		025060EF2781FB1E0073C2BD /* Components */ = {
			isa = PBXGroup;
			children = (
				025060E52781C5800073C2BD /* CircleButtonView.swift */,
				025060FC2781FFEB0073C2BD /* CoinCell.swift */,
			);
			path = Components;
			sourceTree = "<group>";
		};
		0280B7452785B35A00F5DC36 /* Helpers */ = {
			isa = PBXGroup;
			children = (
			);
			path = Helpers;
			sourceTree = "<group>";
		};
/* End PBXGroup section */

/* Begin PBXNativeTarget section */
		02422CFD2780FF4500A58341 /* CryptoWallet */ = {
			isa = PBXNativeTarget;
			buildConfigurationList = 02422D122780FF4500A58341 /* Build configuration list for PBXNativeTarget "CryptoWallet" */;
			buildPhases = (
				02422CFA2780FF4500A58341 /* Sources */,
				02422CFB2780FF4500A58341 /* Frameworks */,
				02422CFC2780FF4500A58341 /* Resources */,
			);
			buildRules = (
			);
			dependencies = (
			);
			name = CryptoWallet;
			packageProductDependencies = (
				0250610327821B3C0073C2BD /* RxCocoa */,
				0250610527821B3C0073C2BD /* RxRelay */,
				0250610727821B3C0073C2BD /* RxSwift */,
				02055F1E27832DBF005EB5D1 /* Alamofire */,
			);
			productName = CryptoWallet;
			productReference = 02422CFE2780FF4500A58341 /* CryptoWallet.app */;
			productType = "com.apple.product-type.application";
		};
/* End PBXNativeTarget section */

/* Begin PBXProject section */
		02422CF62780FF4500A58341 /* Project object */ = {
			isa = PBXProject;
			attributes = {
				BuildIndependentTargetsInParallel = 1;
				LastSwiftUpdateCheck = 1320;
				LastUpgradeCheck = 1320;
				TargetAttributes = {
					02422CFD2780FF4500A58341 = {
						CreatedOnToolsVersion = 13.2.1;
					};
				};
			};
			buildConfigurationList = 02422CF92780FF4500A58341 /* Build configuration list for PBXProject "CryptoWallet" */;
			compatibilityVersion = "Xcode 13.0";
			developmentRegion = en;
			hasScannedForEncodings = 0;
			knownRegions = (
				en,
				Base,
			);
			mainGroup = 02422CF52780FF4500A58341;
			packageReferences = (
				0250610227821B3C0073C2BD /* XCRemoteSwiftPackageReference "RxSwift" */,
				02055F1D27832DBF005EB5D1 /* XCRemoteSwiftPackageReference "Alamofire" */,
			);
			productRefGroup = 02422CFF2780FF4500A58341 /* Products */;
			projectDirPath = "";
			projectRoot = "";
			targets = (
				02422CFD2780FF4500A58341 /* CryptoWallet */,
			);
		};
/* End PBXProject section */

/* Begin PBXResourcesBuildPhase section */
		02422CFC2780FF4500A58341 /* Resources */ = {
			isa = PBXResourcesBuildPhase;
			buildActionMask = 2147483647;
			files = (
				02422D0B2780FF4500A58341 /* Assets.xcassets in Resources */,
				02422D1C2781B97000A58341 /* LaunchScreen.storyboard in Resources */,
			);
			runOnlyForDeploymentPostprocessing = 0;
		};
/* End PBXResourcesBuildPhase section */

/* Begin PBXSourcesBuildPhase section */
		02422CFA2780FF4500A58341 /* Sources */ = {
			isa = PBXSourcesBuildPhase;
			buildActionMask = 2147483647;
			files = (
				02055F1627832275005EB5D1 /* UIView.swift in Sources */,
				025060FD2781FFEB0073C2BD /* CoinCell.swift in Sources */,
				02422D062780FF4500A58341 /* HomeViewController.swift in Sources */,
				025061012782196B0073C2BD /* CoinViewModel.swift in Sources */,
				025060E62781C5800073C2BD /* CircleButtonView.swift in Sources */,
				025060EC2781F9910073C2BD /* Coin.swift in Sources */,
				025060F72781FF400073C2BD /* Double.swift in Sources */,
				025060F92781FF5B0073C2BD /* PreviewProvider.swift in Sources */,
				02422D022780FF4500A58341 /* AppDelegate.swift in Sources */,
				0250610A278312040073C2BD /* Color.swift in Sources */,
				0280B74E2785B75C00F5DC36 /* NetworkingError.swift in Sources */,
				02055F1C2783296C005EB5D1 /* CoinDataService.swift in Sources */,
			);
			runOnlyForDeploymentPostprocessing = 0;
		};
/* End PBXSourcesBuildPhase section */

/* Begin XCBuildConfiguration section */
		02422D102780FF4500A58341 /* Debug */ = {
			isa = XCBuildConfiguration;
			buildSettings = {
				ALWAYS_SEARCH_USER_PATHS = NO;
				CLANG_ANALYZER_NONNULL = YES;
				CLANG_ANALYZER_NUMBER_OBJECT_CONVERSION = YES_AGGRESSIVE;
				CLANG_CXX_LANGUAGE_STANDARD = "gnu++17";
				CLANG_CXX_LIBRARY = "libc++";
				CLANG_ENABLE_MODULES = YES;
				CLANG_ENABLE_OBJC_ARC = YES;
				CLANG_ENABLE_OBJC_WEAK = YES;
				CLANG_WARN_BLOCK_CAPTURE_AUTORELEASING = YES;
				CLANG_WARN_BOOL_CONVERSION = YES;
				CLANG_WARN_COMMA = YES;
				CLANG_WARN_CONSTANT_CONVERSION = YES;
				CLANG_WARN_DEPRECATED_OBJC_IMPLEMENTATIONS = YES;
				CLANG_WARN_DIRECT_OBJC_ISA_USAGE = YES_ERROR;
				CLANG_WARN_DOCUMENTATION_COMMENTS = YES;
				CLANG_WARN_EMPTY_BODY = YES;
				CLANG_WARN_ENUM_CONVERSION = YES;
				CLANG_WARN_INFINITE_RECURSION = YES;
				CLANG_WARN_INT_CONVERSION = YES;
				CLANG_WARN_NON_LITERAL_NULL_CONVERSION = YES;
				CLANG_WARN_OBJC_IMPLICIT_RETAIN_SELF = YES;
				CLANG_WARN_OBJC_LITERAL_CONVERSION = YES;
				CLANG_WARN_OBJC_ROOT_CLASS = YES_ERROR;
				CLANG_WARN_QUOTED_INCLUDE_IN_FRAMEWORK_HEADER = YES;
				CLANG_WARN_RANGE_LOOP_ANALYSIS = YES;
				CLANG_WARN_STRICT_PROTOTYPES = YES;
				CLANG_WARN_SUSPICIOUS_MOVE = YES;
				CLANG_WARN_UNGUARDED_AVAILABILITY = YES_AGGRESSIVE;
				CLANG_WARN_UNREACHABLE_CODE = YES;
				CLANG_WARN__DUPLICATE_METHOD_MATCH = YES;
				COPY_PHASE_STRIP = NO;
				DEBUG_INFORMATION_FORMAT = dwarf;
				ENABLE_STRICT_OBJC_MSGSEND = YES;
				ENABLE_TESTABILITY = YES;
				GCC_C_LANGUAGE_STANDARD = gnu11;
				GCC_DYNAMIC_NO_PIC = NO;
				GCC_NO_COMMON_BLOCKS = YES;
				GCC_OPTIMIZATION_LEVEL = 0;
				GCC_PREPROCESSOR_DEFINITIONS = (
					"DEBUG=1",
					"$(inherited)",
				);
				GCC_WARN_64_TO_32_BIT_CONVERSION = YES;
				GCC_WARN_ABOUT_RETURN_TYPE = YES_ERROR;
				GCC_WARN_UNDECLARED_SELECTOR = YES;
				GCC_WARN_UNINITIALIZED_AUTOS = YES_AGGRESSIVE;
				GCC_WARN_UNUSED_FUNCTION = YES;
				GCC_WARN_UNUSED_VARIABLE = YES;
				IPHONEOS_DEPLOYMENT_TARGET = 15.2;
				MTL_ENABLE_DEBUG_INFO = INCLUDE_SOURCE;
				MTL_FAST_MATH = YES;
				ONLY_ACTIVE_ARCH = YES;
				SDKROOT = iphoneos;
				SWIFT_ACTIVE_COMPILATION_CONDITIONS = DEBUG;
				SWIFT_OPTIMIZATION_LEVEL = "-Onone";
			};
			name = Debug;
		};
		02422D112780FF4500A58341 /* Release */ = {
			isa = XCBuildConfiguration;
			buildSettings = {
				ALWAYS_SEARCH_USER_PATHS = NO;
				CLANG_ANALYZER_NONNULL = YES;
				CLANG_ANALYZER_NUMBER_OBJECT_CONVERSION = YES_AGGRESSIVE;
				CLANG_CXX_LANGUAGE_STANDARD = "gnu++17";
				CLANG_CXX_LIBRARY = "libc++";
				CLANG_ENABLE_MODULES = YES;
				CLANG_ENABLE_OBJC_ARC = YES;
				CLANG_ENABLE_OBJC_WEAK = YES;
				CLANG_WARN_BLOCK_CAPTURE_AUTORELEASING = YES;
				CLANG_WARN_BOOL_CONVERSION = YES;
				CLANG_WARN_COMMA = YES;
				CLANG_WARN_CONSTANT_CONVERSION = YES;
				CLANG_WARN_DEPRECATED_OBJC_IMPLEMENTATIONS = YES;
				CLANG_WARN_DIRECT_OBJC_ISA_USAGE = YES_ERROR;
				CLANG_WARN_DOCUMENTATION_COMMENTS = YES;
				CLANG_WARN_EMPTY_BODY = YES;
				CLANG_WARN_ENUM_CONVERSION = YES;
				CLANG_WARN_INFINITE_RECURSION = YES;
				CLANG_WARN_INT_CONVERSION = YES;
				CLANG_WARN_NON_LITERAL_NULL_CONVERSION = YES;
				CLANG_WARN_OBJC_IMPLICIT_RETAIN_SELF = YES;
				CLANG_WARN_OBJC_LITERAL_CONVERSION = YES;
				CLANG_WARN_OBJC_ROOT_CLASS = YES_ERROR;
				CLANG_WARN_QUOTED_INCLUDE_IN_FRAMEWORK_HEADER = YES;
				CLANG_WARN_RANGE_LOOP_ANALYSIS = YES;
				CLANG_WARN_STRICT_PROTOTYPES = YES;
				CLANG_WARN_SUSPICIOUS_MOVE = YES;
				CLANG_WARN_UNGUARDED_AVAILABILITY = YES_AGGRESSIVE;
				CLANG_WARN_UNREACHABLE_CODE = YES;
				CLANG_WARN__DUPLICATE_METHOD_MATCH = YES;
				COPY_PHASE_STRIP = NO;
				DEBUG_INFORMATION_FORMAT = "dwarf-with-dsym";
				ENABLE_NS_ASSERTIONS = NO;
				ENABLE_STRICT_OBJC_MSGSEND = YES;
				GCC_C_LANGUAGE_STANDARD = gnu11;
				GCC_NO_COMMON_BLOCKS = YES;
				GCC_WARN_64_TO_32_BIT_CONVERSION = YES;
				GCC_WARN_ABOUT_RETURN_TYPE = YES_ERROR;
				GCC_WARN_UNDECLARED_SELECTOR = YES;
				GCC_WARN_UNINITIALIZED_AUTOS = YES_AGGRESSIVE;
				GCC_WARN_UNUSED_FUNCTION = YES;
				GCC_WARN_UNUSED_VARIABLE = YES;
				IPHONEOS_DEPLOYMENT_TARGET = 15.2;
				MTL_ENABLE_DEBUG_INFO = NO;
				MTL_FAST_MATH = YES;
				SDKROOT = iphoneos;
				SWIFT_COMPILATION_MODE = wholemodule;
				SWIFT_OPTIMIZATION_LEVEL = "-O";
				VALIDATE_PRODUCT = YES;
			};
			name = Release;
		};
		02422D132780FF4500A58341 /* Debug */ = {
			isa = XCBuildConfiguration;
			buildSettings = {
				ASSETCATALOG_COMPILER_APPICON_NAME = AppIcon;
				ASSETCATALOG_COMPILER_GLOBAL_ACCENT_COLOR_NAME = AccentColor;
				CODE_SIGN_STYLE = Automatic;
				CURRENT_PROJECT_VERSION = 1;
				DEVELOPMENT_TEAM = SAY4Y2DWXX;
				GENERATE_INFOPLIST_FILE = YES;
				INFOPLIST_FILE = CryptoWallet/Info.plist;
				INFOPLIST_KEY_UIApplicationSupportsIndirectInputEvents = YES;
				INFOPLIST_KEY_UILaunchStoryboardName = LaunchScreen;
				INFOPLIST_KEY_UISupportedInterfaceOrientations = UIInterfaceOrientationPortrait;
				INFOPLIST_KEY_UISupportedInterfaceOrientations_iPad = "UIInterfaceOrientationPortrait UIInterfaceOrientationPortraitUpsideDown UIInterfaceOrientationLandscapeLeft UIInterfaceOrientationLandscapeRight";
				INFOPLIST_KEY_UISupportedInterfaceOrientations_iPhone = "UIInterfaceOrientationPortrait UIInterfaceOrientationLandscapeLeft UIInterfaceOrientationLandscapeRight";
				IPHONEOS_DEPLOYMENT_TARGET = 13.0;
				LD_RUNPATH_SEARCH_PATHS = (
					"$(inherited)",
					"@executable_path/Frameworks",
				);
				MARKETING_VERSION = 1.0;
				PRODUCT_BUNDLE_IDENTIFIER = com.tengizov.CryptoWallet;
				PRODUCT_NAME = "$(TARGET_NAME)";
				SWIFT_EMIT_LOC_STRINGS = YES;
				SWIFT_VERSION = 5.0;
				TARGETED_DEVICE_FAMILY = 1;
			};
			name = Debug;
		};
		02422D142780FF4500A58341 /* Release */ = {
			isa = XCBuildConfiguration;
			buildSettings = {
				ASSETCATALOG_COMPILER_APPICON_NAME = AppIcon;
				ASSETCATALOG_COMPILER_GLOBAL_ACCENT_COLOR_NAME = AccentColor;
				CODE_SIGN_STYLE = Automatic;
				CURRENT_PROJECT_VERSION = 1;
				DEVELOPMENT_TEAM = SAY4Y2DWXX;
				GENERATE_INFOPLIST_FILE = YES;
				INFOPLIST_FILE = CryptoWallet/Info.plist;
				INFOPLIST_KEY_UIApplicationSupportsIndirectInputEvents = YES;
				INFOPLIST_KEY_UILaunchStoryboardName = LaunchScreen;
				INFOPLIST_KEY_UISupportedInterfaceOrientations = UIInterfaceOrientationPortrait;
				INFOPLIST_KEY_UISupportedInterfaceOrientations_iPad = "UIInterfaceOrientationPortrait UIInterfaceOrientationPortraitUpsideDown UIInterfaceOrientationLandscapeLeft UIInterfaceOrientationLandscapeRight";
				INFOPLIST_KEY_UISupportedInterfaceOrientations_iPhone = "UIInterfaceOrientationPortrait UIInterfaceOrientationLandscapeLeft UIInterfaceOrientationLandscapeRight";
				IPHONEOS_DEPLOYMENT_TARGET = 13.0;
				LD_RUNPATH_SEARCH_PATHS = (
					"$(inherited)",
					"@executable_path/Frameworks",
				);
				MARKETING_VERSION = 1.0;
				PRODUCT_BUNDLE_IDENTIFIER = com.tengizov.CryptoWallet;
				PRODUCT_NAME = "$(TARGET_NAME)";
				SWIFT_EMIT_LOC_STRINGS = YES;
				SWIFT_VERSION = 5.0;
				TARGETED_DEVICE_FAMILY = 1;
			};
			name = Release;
		};
/* End XCBuildConfiguration section */

/* Begin XCConfigurationList section */
		02422CF92780FF4500A58341 /* Build configuration list for PBXProject "CryptoWallet" */ = {
			isa = XCConfigurationList;
			buildConfigurations = (
				02422D102780FF4500A58341 /* Debug */,
				02422D112780FF4500A58341 /* Release */,
			);
			defaultConfigurationIsVisible = 0;
			defaultConfigurationName = Release;
		};
		02422D122780FF4500A58341 /* Build configuration list for PBXNativeTarget "CryptoWallet" */ = {
			isa = XCConfigurationList;
			buildConfigurations = (
				02422D132780FF4500A58341 /* Debug */,
				02422D142780FF4500A58341 /* Release */,
			);
			defaultConfigurationIsVisible = 0;
			defaultConfigurationName = Release;
		};
/* End XCConfigurationList section */

/* Begin XCRemoteSwiftPackageReference section */
		02055F1D27832DBF005EB5D1 /* XCRemoteSwiftPackageReference "Alamofire" */ = {
			isa = XCRemoteSwiftPackageReference;
			repositoryURL = "https://github.com/Alamofire/Alamofire";
			requirement = {
				kind = upToNextMajorVersion;
				minimumVersion = 5.0.0;
			};
		};
		0250610227821B3C0073C2BD /* XCRemoteSwiftPackageReference "RxSwift" */ = {
			isa = XCRemoteSwiftPackageReference;
			repositoryURL = "https://github.com/ReactiveX/RxSwift";
			requirement = {
				branch = main;
				kind = branch;
			};
		};
/* End XCRemoteSwiftPackageReference section */

/* Begin XCSwiftPackageProductDependency section */
		02055F1E27832DBF005EB5D1 /* Alamofire */ = {
			isa = XCSwiftPackageProductDependency;
			package = 02055F1D27832DBF005EB5D1 /* XCRemoteSwiftPackageReference "Alamofire" */;
			productName = Alamofire;
		};
		0250610327821B3C0073C2BD /* RxCocoa */ = {
			isa = XCSwiftPackageProductDependency;
			package = 0250610227821B3C0073C2BD /* XCRemoteSwiftPackageReference "RxSwift" */;
			productName = RxCocoa;
		};
		0250610527821B3C0073C2BD /* RxRelay */ = {
			isa = XCSwiftPackageProductDependency;
			package = 0250610227821B3C0073C2BD /* XCRemoteSwiftPackageReference "RxSwift" */;
			productName = RxRelay;
		};
		0250610727821B3C0073C2BD /* RxSwift */ = {
			isa = XCSwiftPackageProductDependency;
			package = 0250610227821B3C0073C2BD /* XCRemoteSwiftPackageReference "RxSwift" */;
			productName = RxSwift;
		};
/* End XCSwiftPackageProductDependency section */
	};
	rootObject = 02422CF62780FF4500A58341 /* Project object */;
}
